{
  "name": "garykim.dev",
  "version": "0.0.1",
  "lockfileVersion": 1,
  "requires": true,
  "dependencies": {
    "viewerjs": {
      "version": "1.6.1",
      "resolved": "https://registry.npmjs.org/viewerjs/-/viewerjs-1.6.1.tgz",
      "integrity": "sha512-2c6hURX1kaHNCluP0l+7nkI26/GBcQqpMRA4PGC3EsJ48lSpjYXK8C1pHC84q9kf4otANwxH2Nw8HAOk69ZTig=="
    }
  }
}
