{
  "name": "garykim.dev",
  "version": "0.0.1",
  "lockfileVersion": 1,
  "requires": true,
  "dependencies": {
    "reveal.js": {
      "version": "4.0.2",
      "resolved": "https://registry.npmjs.org/reveal.js/-/reveal.js-4.0.2.tgz",
      "integrity": "sha512-LWZSUenufF1gpD7npxJ7KfoQQFKgc1D6XrLTFgKlwWNP1BQ74hT48KONFWMAw+8R/QUeaScCLCLrBVHDfFIEiw=="
    },
    "viewerjs": {
      "version": "1.6.1",
      "resolved": "https://registry.npmjs.org/viewerjs/-/viewerjs-1.6.1.tgz",
      "integrity": "sha512-2c6hURX1kaHNCluP0l+7nkI26/GBcQqpMRA4PGC3EsJ48lSpjYXK8C1pHC84q9kf4otANwxH2Nw8HAOk69ZTig=="
    }
  }
}
